// !$*UTF8*$!
{
	archiveVersion = 1;
	classes = {
	};
	objectVersion = 50;
	objects = {

/* Begin PBXBuildFile section */
		8B00613B216D004B003797BC /* TheSetGameViewController.m in Sources */ = {isa = PBXBuildFile; fileRef = 8B00613A216D004B003797BC /* TheSetGameViewController.m */; };
		8B00BF12216F637800665D9C /* TheSetHistoryViewController.m in Sources */ = {isa = PBXBuildFile; fileRef = 8B00BF11216F637800665D9C /* TheSetHistoryViewController.m */; };
		8B07A06D21667012006BA311 /* Card.m in Sources */ = {isa = PBXBuildFile; fileRef = 8B07A06C21667012006BA311 /* Card.m */; };
		8B07A07021667031006BA311 /* Deck.m in Sources */ = {isa = PBXBuildFile; fileRef = 8B07A06F21667031006BA311 /* Deck.m */; };
		8B07A0732166704F006BA311 /* PlayingCard.m in Sources */ = {isa = PBXBuildFile; fileRef = 8B07A0722166704F006BA311 /* PlayingCard.m */; };
		8B07A07621667765006BA311 /* PlayingCardDeck.m in Sources */ = {isa = PBXBuildFile; fileRef = 8B07A07521667765006BA311 /* PlayingCardDeck.m */; };
		8B19C07D216DF4EB00135DEE /* TheSetPlayingCard.m in Sources */ = {isa = PBXBuildFile; fileRef = 8B19C07C216DF4EB00135DEE /* TheSetPlayingCard.m */; };
		8B19C082216DFAE600135DEE /* TheSetPlayingCardDeck.m in Sources */ = {isa = PBXBuildFile; fileRef = 8B19C081216DFAE600135DEE /* TheSetPlayingCardDeck.m */; };
		8B19C085216DFDED00135DEE /* TheSetCardMatchingGame.m in Sources */ = {isa = PBXBuildFile; fileRef = 8B19C084216DFDED00135DEE /* TheSetCardMatchingGame.m */; };
		8B19C088216DFFCF00135DEE /* TheSetCardGameViewController.m in Sources */ = {isa = PBXBuildFile; fileRef = 8B19C087216DFFCF00135DEE /* TheSetCardGameViewController.m */; };
		8B19C08C216E683300135DEE /* Main.storyboard in Resources */ = {isa = PBXBuildFile; fileRef = 8B19C08A216E683200135DEE /* Main.storyboard */; };
		8B1ACBCD216632C00067FA4A /* AppDelegate.m in Sources */ = {isa = PBXBuildFile; fileRef = 8B1ACBCC216632C00067FA4A /* AppDelegate.m */; };
		8B1ACBD0216632C00067FA4A /* CardGameViewController.m in Sources */ = {isa = PBXBuildFile; fileRef = 8B1ACBCF216632C00067FA4A /* CardGameViewController.m */; };
		8B1ACBD5216632C10067FA4A /* Assets.xcassets in Resources */ = {isa = PBXBuildFile; fileRef = 8B1ACBD4216632C10067FA4A /* Assets.xcassets */; };
		8B1ACBD8216632C10067FA4A /* LaunchScreen.storyboard in Resources */ = {isa = PBXBuildFile; fileRef = 8B1ACBD6216632C10067FA4A /* LaunchScreen.storyboard */; };
		8B1ACBDB216632C10067FA4A /* main.m in Sources */ = {isa = PBXBuildFile; fileRef = 8B1ACBDA216632C10067FA4A /* main.m */; };
		8B5D932A216B602600475815 /* PlayingCardGameViewController.m in Sources */ = {isa = PBXBuildFile; fileRef = 8B5D9329216B602600475815 /* PlayingCardGameViewController.m */; };
		8BB6F7C621677BEA000A4FCB /* CardMatchingGame.m in Sources */ = {isa = PBXBuildFile; fileRef = 8BB6F7C521677BEA000A4FCB /* CardMatchingGame.m */; };
/* End PBXBuildFile section */

/* Begin PBXFileReference section */
		8B006139216D004B003797BC /* TheSetGameViewController.h */ = {isa = PBXFileReference; lastKnownFileType = sourcecode.c.h; path = TheSetGameViewController.h; sourceTree = "<group>"; };
		8B00613A216D004B003797BC /* TheSetGameViewController.m */ = {isa = PBXFileReference; lastKnownFileType = sourcecode.c.objc; path = TheSetGameViewController.m; sourceTree = "<group>"; };
		8B00BF10216F637800665D9C /* TheSetHistoryViewController.h */ = {isa = PBXFileReference; lastKnownFileType = sourcecode.c.h; path = TheSetHistoryViewController.h; sourceTree = "<group>"; };
		8B00BF11216F637800665D9C /* TheSetHistoryViewController.m */ = {isa = PBXFileReference; lastKnownFileType = sourcecode.c.objc; path = TheSetHistoryViewController.m; sourceTree = "<group>"; };
		8B07A06B21667012006BA311 /* Card.h */ = {isa = PBXFileReference; lastKnownFileType = sourcecode.c.h; path = Card.h; sourceTree = "<group>"; };
		8B07A06C21667012006BA311 /* Card.m */ = {isa = PBXFileReference; lastKnownFileType = sourcecode.c.objc; path = Card.m; sourceTree = "<group>"; };
		8B07A06E21667031006BA311 /* Deck.h */ = {isa = PBXFileReference; lastKnownFileType = sourcecode.c.h; path = Deck.h; sourceTree = "<group>"; };
		8B07A06F21667031006BA311 /* Deck.m */ = {isa = PBXFileReference; lastKnownFileType = sourcecode.c.objc; path = Deck.m; sourceTree = "<group>"; };
		8B07A0712166704F006BA311 /* PlayingCard.h */ = {isa = PBXFileReference; lastKnownFileType = sourcecode.c.h; path = PlayingCard.h; sourceTree = "<group>"; };
		8B07A0722166704F006BA311 /* PlayingCard.m */ = {isa = PBXFileReference; lastKnownFileType = sourcecode.c.objc; path = PlayingCard.m; sourceTree = "<group>"; };
		8B07A07421667765006BA311 /* PlayingCardDeck.h */ = {isa = PBXFileReference; lastKnownFileType = sourcecode.c.h; path = PlayingCardDeck.h; sourceTree = "<group>"; };
		8B07A07521667765006BA311 /* PlayingCardDeck.m */ = {isa = PBXFileReference; lastKnownFileType = sourcecode.c.objc; path = PlayingCardDeck.m; sourceTree = "<group>"; };
		8B19C07B216DF4EB00135DEE /* TheSetPlayingCard.h */ = {isa = PBXFileReference; lastKnownFileType = sourcecode.c.h; path = TheSetPlayingCard.h; sourceTree = "<group>"; };
		8B19C07C216DF4EB00135DEE /* TheSetPlayingCard.m */ = {isa = PBXFileReference; lastKnownFileType = sourcecode.c.objc; path = TheSetPlayingCard.m; sourceTree = "<group>"; };
		8B19C080216DFAE600135DEE /* TheSetPlayingCardDeck.h */ = {isa = PBXFileReference; lastKnownFileType = sourcecode.c.h; path = TheSetPlayingCardDeck.h; sourceTree = "<group>"; };
		8B19C081216DFAE600135DEE /* TheSetPlayingCardDeck.m */ = {isa = PBXFileReference; lastKnownFileType = sourcecode.c.objc; path = TheSetPlayingCardDeck.m; sourceTree = "<group>"; };
		8B19C083216DFDED00135DEE /* TheSetCardMatchingGame.h */ = {isa = PBXFileReference; lastKnownFileType = sourcecode.c.h; path = TheSetCardMatchingGame.h; sourceTree = "<group>"; };
		8B19C084216DFDED00135DEE /* TheSetCardMatchingGame.m */ = {isa = PBXFileReference; lastKnownFileType = sourcecode.c.objc; path = TheSetCardMatchingGame.m; sourceTree = "<group>"; };
		8B19C086216DFFCF00135DEE /* TheSetCardGameViewController.h */ = {isa = PBXFileReference; lastKnownFileType = sourcecode.c.h; path = TheSetCardGameViewController.h; sourceTree = "<group>"; };
		8B19C087216DFFCF00135DEE /* TheSetCardGameViewController.m */ = {isa = PBXFileReference; lastKnownFileType = sourcecode.c.objc; path = TheSetCardGameViewController.m; sourceTree = "<group>"; };
		8B19C08B216E683200135DEE /* Base */ = {isa = PBXFileReference; lastKnownFileType = file.storyboard; name = Base; path = Base.lproj/Main.storyboard; sourceTree = "<group>"; };
		8B1ACBC8216632C00067FA4A /* test.app */ = {isa = PBXFileReference; explicitFileType = wrapper.application; includeInIndex = 0; path = test.app; sourceTree = BUILT_PRODUCTS_DIR; };
		8B1ACBCB216632C00067FA4A /* AppDelegate.h */ = {isa = PBXFileReference; lastKnownFileType = sourcecode.c.h; path = AppDelegate.h; sourceTree = "<group>"; };
		8B1ACBCC216632C00067FA4A /* AppDelegate.m */ = {isa = PBXFileReference; lastKnownFileType = sourcecode.c.objc; path = AppDelegate.m; sourceTree = "<group>"; };
		8B1ACBCE216632C00067FA4A /* CardGameViewController.h */ = {isa = PBXFileReference; lastKnownFileType = sourcecode.c.h; path = CardGameViewController.h; sourceTree = "<group>"; };
		8B1ACBCF216632C00067FA4A /* CardGameViewController.m */ = {isa = PBXFileReference; lastKnownFileType = sourcecode.c.objc; path = CardGameViewController.m; sourceTree = "<group>"; };
		8B1ACBD4216632C10067FA4A /* Assets.xcassets */ = {isa = PBXFileReference; lastKnownFileType = folder.assetcatalog; path = Assets.xcassets; sourceTree = "<group>"; };
		8B1ACBD7216632C10067FA4A /* Base */ = {isa = PBXFileReference; lastKnownFileType = file.storyboard; name = Base; path = Base.lproj/LaunchScreen.storyboard; sourceTree = "<group>"; };
		8B1ACBD9216632C10067FA4A /* Info.plist */ = {isa = PBXFileReference; lastKnownFileType = text.plist.xml; path = Info.plist; sourceTree = "<group>"; };
		8B1ACBDA216632C10067FA4A /* main.m */ = {isa = PBXFileReference; lastKnownFileType = sourcecode.c.objc; path = main.m; sourceTree = "<group>"; };
		8B5D9328216B602600475815 /* PlayingCardGameViewController.h */ = {isa = PBXFileReference; lastKnownFileType = sourcecode.c.h; path = PlayingCardGameViewController.h; sourceTree = "<group>"; };
		8B5D9329216B602600475815 /* PlayingCardGameViewController.m */ = {isa = PBXFileReference; lastKnownFileType = sourcecode.c.objc; path = PlayingCardGameViewController.m; sourceTree = "<group>"; };
		8BB6F7C421677BEA000A4FCB /* CardMatchingGame.h */ = {isa = PBXFileReference; lastKnownFileType = sourcecode.c.h; path = CardMatchingGame.h; sourceTree = "<group>"; };
		8BB6F7C521677BEA000A4FCB /* CardMatchingGame.m */ = {isa = PBXFileReference; lastKnownFileType = sourcecode.c.objc; path = CardMatchingGame.m; sourceTree = "<group>"; };
/* End PBXFileReference section */

/* Begin PBXFrameworksBuildPhase section */
		8B1ACBC5216632C00067FA4A /* Frameworks */ = {
			isa = PBXFrameworksBuildPhase;
			buildActionMask = 2147483647;
			files = (
			);
			runOnlyForDeploymentPostprocessing = 0;
		};
/* End PBXFrameworksBuildPhase section */

/* Begin PBXGroup section */
		8B07A06521666A0D006BA311 /* Model */ = {
			isa = PBXGroup;
			children = (
				8B07A06A21666B2A006BA311 /* Game */,
				8B1ACBDA216632C10067FA4A /* main.m */,
				8B1ACBCB216632C00067FA4A /* AppDelegate.h */,
				8B1ACBCC216632C00067FA4A /* AppDelegate.m */,
			);
			path = Model;
			sourceTree = "<group>";
		};
		8B07A06621666A2C006BA311 /* Controller */ = {
			isa = PBXGroup;
			children = (
				8B19C089216E12D700135DEE /* TheSet */,
				8B1ACBCE216632C00067FA4A /* CardGameViewController.h */,
				8B1ACBCF216632C00067FA4A /* CardGameViewController.m */,
				8B5D9328216B602600475815 /* PlayingCardGameViewController.h */,
				8B5D9329216B602600475815 /* PlayingCardGameViewController.m */,
			);
			path = Controller;
			sourceTree = "<group>";
		};
		8B07A06721666A4C006BA311 /* View */ = {
			isa = PBXGroup;
			children = (
			);
			path = View;
			sourceTree = "<group>";
		};
		8B07A06821666A62006BA311 /* Resourses */ = {
			isa = PBXGroup;
			children = (
				8B1ACBD4216632C10067FA4A /* Assets.xcassets */,
				8B19C08A216E683200135DEE /* Main.storyboard */,
				8B1ACBD6216632C10067FA4A /* LaunchScreen.storyboard */,
				8B1ACBD9216632C10067FA4A /* Info.plist */,
			);
			path = Resourses;
			sourceTree = "<group>";
		};
		8B07A06921666AE2006BA311 /* Sources */ = {
			isa = PBXGroup;
			children = (
				8B07A06721666A4C006BA311 /* View */,
				8B07A06621666A2C006BA311 /* Controller */,
				8B07A06521666A0D006BA311 /* Model */,
			);
			path = Sources;
			sourceTree = "<group>";
		};
		8B07A06A21666B2A006BA311 /* Game */ = {
			isa = PBXGroup;
			children = (
				8B19C077216DF1D500135DEE /* TheSetGame */,
				8B07A06B21667012006BA311 /* Card.h */,
				8B07A06C21667012006BA311 /* Card.m */,
				8B07A06E21667031006BA311 /* Deck.h */,
				8B07A06F21667031006BA311 /* Deck.m */,
				8B07A0712166704F006BA311 /* PlayingCard.h */,
				8B07A0722166704F006BA311 /* PlayingCard.m */,
				8B07A07421667765006BA311 /* PlayingCardDeck.h */,
				8B07A07521667765006BA311 /* PlayingCardDeck.m */,
				8BB6F7C421677BEA000A4FCB /* CardMatchingGame.h */,
				8BB6F7C521677BEA000A4FCB /* CardMatchingGame.m */,
			);
			path = Game;
			sourceTree = "<group>";
		};
		8B19C077216DF1D500135DEE /* TheSetGame */ = {
			isa = PBXGroup;
			children = (
				8B19C07B216DF4EB00135DEE /* TheSetPlayingCard.h */,
				8B19C07C216DF4EB00135DEE /* TheSetPlayingCard.m */,
				8B19C080216DFAE600135DEE /* TheSetPlayingCardDeck.h */,
				8B19C081216DFAE600135DEE /* TheSetPlayingCardDeck.m */,
				8B19C083216DFDED00135DEE /* TheSetCardMatchingGame.h */,
				8B19C084216DFDED00135DEE /* TheSetCardMatchingGame.m */,
			);
			path = TheSetGame;
			sourceTree = "<group>";
		};
		8B19C089216E12D700135DEE /* TheSet */ = {
			isa = PBXGroup;
			children = (
				8B19C086216DFFCF00135DEE /* TheSetCardGameViewController.h */,
				8B19C087216DFFCF00135DEE /* TheSetCardGameViewController.m */,
				8B006139216D004B003797BC /* TheSetGameViewController.h */,
				8B00613A216D004B003797BC /* TheSetGameViewController.m */,
				8B00BF10216F637800665D9C /* TheSetHistoryViewController.h */,
				8B00BF11216F637800665D9C /* TheSetHistoryViewController.m */,
			);
			path = TheSet;
			sourceTree = "<group>";
		};
		8B1ACBBF216632C00067FA4A = {
			isa = PBXGroup;
			children = (
				8B1ACBCA216632C00067FA4A /* test */,
				8B1ACBC9216632C00067FA4A /* Products */,
			);
			sourceTree = "<group>";
		};
		8B1ACBC9216632C00067FA4A /* Products */ = {
			isa = PBXGroup;
			children = (
				8B1ACBC8216632C00067FA4A /* test.app */,
			);
			name = Products;
			sourceTree = "<group>";
		};
		8B1ACBCA216632C00067FA4A /* test */ = {
			isa = PBXGroup;
			children = (
				8B07A06821666A62006BA311 /* Resourses */,
				8B07A06921666AE2006BA311 /* Sources */,
			);
			path = test;
			sourceTree = "<group>";
		};
/* End PBXGroup section */

/* Begin PBXNativeTarget section */
		8B1ACBC7216632C00067FA4A /* test */ = {
			isa = PBXNativeTarget;
			buildConfigurationList = 8B1ACBDE216632C10067FA4A /* Build configuration list for PBXNativeTarget "test" */;
			buildPhases = (
				8B1ACBC4216632C00067FA4A /* Sources */,
				8B1ACBC5216632C00067FA4A /* Frameworks */,
				8B1ACBC6216632C00067FA4A /* Resources */,
			);
			buildRules = (
			);
			dependencies = (
			);
			name = test;
			productName = test;
			productReference = 8B1ACBC8216632C00067FA4A /* test.app */;
			productType = "com.apple.product-type.application";
		};
/* End PBXNativeTarget section */

/* Begin PBXProject section */
		8B1ACBC0216632C00067FA4A /* Project object */ = {
			isa = PBXProject;
			attributes = {
				LastUpgradeCheck = 1000;
				ORGANIZATIONNAME = "Александр Попов";
				TargetAttributes = {
					8B1ACBC7216632C00067FA4A = {
						CreatedOnToolsVersion = 10.0;
					};
				};
			};
			buildConfigurationList = 8B1ACBC3216632C00067FA4A /* Build configuration list for PBXProject "test" */;
			compatibilityVersion = "Xcode 9.3";
			developmentRegion = en;
			hasScannedForEncodings = 0;
			knownRegions = (
				en,
				Base,
			);
			mainGroup = 8B1ACBBF216632C00067FA4A;
			productRefGroup = 8B1ACBC9216632C00067FA4A /* Products */;
			projectDirPath = "";
			projectRoot = "";
			targets = (
				8B1ACBC7216632C00067FA4A /* test */,
			);
		};
/* End PBXProject section */

/* Begin PBXResourcesBuildPhase section */
		8B1ACBC6216632C00067FA4A /* Resources */ = {
			isa = PBXResourcesBuildPhase;
			buildActionMask = 2147483647;
			files = (
				8B19C08C216E683300135DEE /* Main.storyboard in Resources */,
				8B1ACBD8216632C10067FA4A /* LaunchScreen.storyboard in Resources */,
				8B1ACBD5216632C10067FA4A /* Assets.xcassets in Resources */,
			);
			runOnlyForDeploymentPostprocessing = 0;
		};
/* End PBXResourcesBuildPhase section */

/* Begin PBXSourcesBuildPhase section */
		8B1ACBC4216632C00067FA4A /* Sources */ = {
			isa = PBXSourcesBuildPhase;
			buildActionMask = 2147483647;
			files = (
				8B07A07021667031006BA311 /* Deck.m in Sources */,
				8B1ACBD0216632C00067FA4A /* CardGameViewController.m in Sources */,
				8B07A0732166704F006BA311 /* PlayingCard.m in Sources */,
				8B19C088216DFFCF00135DEE /* TheSetCardGameViewController.m in Sources */,
				8B19C07D216DF4EB00135DEE /* TheSetPlayingCard.m in Sources */,
				8B19C082216DFAE600135DEE /* TheSetPlayingCardDeck.m in Sources */,
				8B1ACBDB216632C10067FA4A /* main.m in Sources */,
				8BB6F7C621677BEA000A4FCB /* CardMatchingGame.m in Sources */,
				8B19C085216DFDED00135DEE /* TheSetCardMatchingGame.m in Sources */,
				8B07A07621667765006BA311 /* PlayingCardDeck.m in Sources */,
				8B1ACBCD216632C00067FA4A /* AppDelegate.m in Sources */,
				8B07A06D21667012006BA311 /* Card.m in Sources */,
				8B5D932A216B602600475815 /* PlayingCardGameViewController.m in Sources */,
				8B00BF12216F637800665D9C /* TheSetHistoryViewController.m in Sources */,
				8B00613B216D004B003797BC /* TheSetGameViewController.m in Sources */,
			);
			runOnlyForDeploymentPostprocessing = 0;
		};
/* End PBXSourcesBuildPhase section */

/* Begin PBXVariantGroup section */
		8B19C08A216E683200135DEE /* Main.storyboard */ = {
			isa = PBXVariantGroup;
			children = (
				8B19C08B216E683200135DEE /* Base */,
			);
			name = Main.storyboard;
			sourceTree = "<group>";
		};
		8B1ACBD6216632C10067FA4A /* LaunchScreen.storyboard */ = {
			isa = PBXVariantGroup;
			children = (
				8B1ACBD7216632C10067FA4A /* Base */,
			);
			name = LaunchScreen.storyboard;
			sourceTree = "<group>";
		};
/* End PBXVariantGroup section */

/* Begin XCBuildConfiguration section */
		8B1ACBDC216632C10067FA4A /* Debug */ = {
			isa = XCBuildConfiguration;
			buildSettings = {
				ALWAYS_SEARCH_USER_PATHS = NO;
				CLANG_ANALYZER_NONNULL = YES;
				CLANG_ANALYZER_NUMBER_OBJECT_CONVERSION = YES_AGGRESSIVE;
				CLANG_CXX_LANGUAGE_STANDARD = "gnu++14";
				CLANG_CXX_LIBRARY = "libc++";
				CLANG_ENABLE_MODULES = YES;
				CLANG_ENABLE_OBJC_ARC = YES;
				CLANG_ENABLE_OBJC_WEAK = YES;
				CLANG_WARN_BLOCK_CAPTURE_AUTORELEASING = YES;
				CLANG_WARN_BOOL_CONVERSION = YES;
				CLANG_WARN_COMMA = YES;
				CLANG_WARN_CONSTANT_CONVERSION = YES;
				CLANG_WARN_DEPRECATED_OBJC_IMPLEMENTATIONS = YES;
				CLANG_WARN_DIRECT_OBJC_ISA_USAGE = YES_ERROR;
				CLANG_WARN_DOCUMENTATION_COMMENTS = YES;
				CLANG_WARN_EMPTY_BODY = YES;
				CLANG_WARN_ENUM_CONVERSION = YES;
				CLANG_WARN_INFINITE_RECURSION = YES;
				CLANG_WARN_INT_CONVERSION = YES;
				CLANG_WARN_NON_LITERAL_NULL_CONVERSION = YES;
				CLANG_WARN_OBJC_IMPLICIT_RETAIN_SELF = YES;
				CLANG_WARN_OBJC_LITERAL_CONVERSION = YES;
				CLANG_WARN_OBJC_ROOT_CLASS = YES_ERROR;
				CLANG_WARN_RANGE_LOOP_ANALYSIS = YES;
				CLANG_WARN_STRICT_PROTOTYPES = YES;
				CLANG_WARN_SUSPICIOUS_MOVE = YES;
				CLANG_WARN_UNGUARDED_AVAILABILITY = YES_AGGRESSIVE;
				CLANG_WARN_UNREACHABLE_CODE = YES;
				CLANG_WARN__DUPLICATE_METHOD_MATCH = YES;
				CODE_SIGN_IDENTITY = "iPhone Developer";
				COPY_PHASE_STRIP = NO;
				DEBUG_INFORMATION_FORMAT = dwarf;
				ENABLE_STRICT_OBJC_MSGSEND = YES;
				ENABLE_TESTABILITY = YES;
				GCC_C_LANGUAGE_STANDARD = gnu11;
				GCC_DYNAMIC_NO_PIC = NO;
				GCC_NO_COMMON_BLOCKS = YES;
				GCC_OPTIMIZATION_LEVEL = 0;
				GCC_PREPROCESSOR_DEFINITIONS = (
					"DEBUG=1",
					"$(inherited)",
				);
				GCC_WARN_64_TO_32_BIT_CONVERSION = YES;
				GCC_WARN_ABOUT_RETURN_TYPE = YES_ERROR;
				GCC_WARN_UNDECLARED_SELECTOR = YES;
				GCC_WARN_UNINITIALIZED_AUTOS = YES_AGGRESSIVE;
				GCC_WARN_UNUSED_FUNCTION = YES;
				GCC_WARN_UNUSED_VARIABLE = YES;
				IPHONEOS_DEPLOYMENT_TARGET = 12.0;
				MTL_ENABLE_DEBUG_INFO = INCLUDE_SOURCE;
				MTL_FAST_MATH = YES;
				ONLY_ACTIVE_ARCH = YES;
				SDKROOT = iphoneos;
			};
			name = Debug;
		};
		8B1ACBDD216632C10067FA4A /* Release */ = {
			isa = XCBuildConfiguration;
			buildSettings = {
				ALWAYS_SEARCH_USER_PATHS = NO;
				CLANG_ANALYZER_NONNULL = YES;
				CLANG_ANALYZER_NUMBER_OBJECT_CONVERSION = YES_AGGRESSIVE;
				CLANG_CXX_LANGUAGE_STANDARD = "gnu++14";
				CLANG_CXX_LIBRARY = "libc++";
				CLANG_ENABLE_MODULES = YES;
				CLANG_ENABLE_OBJC_ARC = YES;
				CLANG_ENABLE_OBJC_WEAK = YES;
				CLANG_WARN_BLOCK_CAPTURE_AUTORELEASING = YES;
				CLANG_WARN_BOOL_CONVERSION = YES;
				CLANG_WARN_COMMA = YES;
				CLANG_WARN_CONSTANT_CONVERSION = YES;
				CLANG_WARN_DEPRECATED_OBJC_IMPLEMENTATIONS = YES;
				CLANG_WARN_DIRECT_OBJC_ISA_USAGE = YES_ERROR;
				CLANG_WARN_DOCUMENTATION_COMMENTS = YES;
				CLANG_WARN_EMPTY_BODY = YES;
				CLANG_WARN_ENUM_CONVERSION = YES;
				CLANG_WARN_INFINITE_RECURSION = YES;
				CLANG_WARN_INT_CONVERSION = YES;
				CLANG_WARN_NON_LITERAL_NULL_CONVERSION = YES;
				CLANG_WARN_OBJC_IMPLICIT_RETAIN_SELF = YES;
				CLANG_WARN_OBJC_LITERAL_CONVERSION = YES;
				CLANG_WARN_OBJC_ROOT_CLASS = YES_ERROR;
				CLANG_WARN_RANGE_LOOP_ANALYSIS = YES;
				CLANG_WARN_STRICT_PROTOTYPES = YES;
				CLANG_WARN_SUSPICIOUS_MOVE = YES;
				CLANG_WARN_UNGUARDED_AVAILABILITY = YES_AGGRESSIVE;
				CLANG_WARN_UNREACHABLE_CODE = YES;
				CLANG_WARN__DUPLICATE_METHOD_MATCH = YES;
				CODE_SIGN_IDENTITY = "iPhone Developer";
				COPY_PHASE_STRIP = NO;
				DEBUG_INFORMATION_FORMAT = "dwarf-with-dsym";
				ENABLE_NS_ASSERTIONS = NO;
				ENABLE_STRICT_OBJC_MSGSEND = YES;
				GCC_C_LANGUAGE_STANDARD = gnu11;
				GCC_NO_COMMON_BLOCKS = YES;
				GCC_WARN_64_TO_32_BIT_CONVERSION = YES;
				GCC_WARN_ABOUT_RETURN_TYPE = YES_ERROR;
				GCC_WARN_UNDECLARED_SELECTOR = YES;
				GCC_WARN_UNINITIALIZED_AUTOS = YES_AGGRESSIVE;
				GCC_WARN_UNUSED_FUNCTION = YES;
				GCC_WARN_UNUSED_VARIABLE = YES;
				IPHONEOS_DEPLOYMENT_TARGET = 12.0;
				MTL_ENABLE_DEBUG_INFO = NO;
				MTL_FAST_MATH = YES;
				SDKROOT = iphoneos;
				VALIDATE_PRODUCT = YES;
			};
			name = Release;
		};
		8B1ACBDF216632C10067FA4A /* Debug */ = {
			isa = XCBuildConfiguration;
			buildSettings = {
				ASSETCATALOG_COMPILER_APPICON_NAME = AppIcon;
				CODE_SIGN_STYLE = Manual;
				DEVELOPMENT_TEAM = "";
				INFOPLIST_FILE = "$(SRCROOT)/test/Resourses/Info.plist";
				LD_RUNPATH_SEARCH_PATHS = (
					"$(inherited)",
					"@executable_path/Frameworks",
				);
				PRODUCT_BUNDLE_IDENTIFIER = com.alordead.test.test;
				PRODUCT_NAME = "$(TARGET_NAME)";
				PROVISIONING_PROFILE_SPECIFIER = "";
				TARGETED_DEVICE_FAMILY = "1,2";
			};
			name = Debug;
		};
		8B1ACBE0216632C10067FA4A /* Release */ = {
			isa = XCBuildConfiguration;
			buildSettings = {
				ASSETCATALOG_COMPILER_APPICON_NAME = AppIcon;
				CODE_SIGN_STYLE = Manual;
				DEVELOPMENT_TEAM = "";
				INFOPLIST_FILE = "$(SRCROOT)/test/Resourses/Info.plist";
				LD_RUNPATH_SEARCH_PATHS = (
					"$(inherited)",
					"@executable_path/Frameworks",
				);
				PRODUCT_BUNDLE_IDENTIFIER = com.alordead.test.test;
				PRODUCT_NAME = "$(TARGET_NAME)";
				PROVISIONING_PROFILE_SPECIFIER = "";
				TARGETED_DEVICE_FAMILY = "1,2";
			};
			name = Release;
		};
/* End XCBuildConfiguration section */

/* Begin XCConfigurationList section */
		8B1ACBC3216632C00067FA4A /* Build configuration list for PBXProject "test" */ = {
			isa = XCConfigurationList;
			buildConfigurations = (
				8B1ACBDC216632C10067FA4A /* Debug */,
				8B1ACBDD216632C10067FA4A /* Release */,
			);
			defaultConfigurationIsVisible = 0;
			defaultConfigurationName = Release;
		};
		8B1ACBDE216632C10067FA4A /* Build configuration list for PBXNativeTarget "test" */ = {
			isa = XCConfigurationList;
			buildConfigurations = (
				8B1ACBDF216632C10067FA4A /* Debug */,
				8B1ACBE0216632C10067FA4A /* Release */,
			);
			defaultConfigurationIsVisible = 0;
			defaultConfigurationName = Release;
		};
/* End XCConfigurationList section */
	};
	rootObject = 8B1ACBC0216632C00067FA4A /* Project object */;
}
